// !$*UTF8*$!
{
	archiveVersion = 1;
	classes = {
	};
	objectVersion = 50;
	objects = {

/* Begin PBXBuildFile section */
		639D47AF22BD7B1600BEB9DF /* AppDelegate.swift in Sources */ = {isa = PBXBuildFile; fileRef = 639D47AE22BD7B1600BEB9DF /* AppDelegate.swift */; };
		639D47B122BD7B1600BEB9DF /* ViewController.swift in Sources */ = {isa = PBXBuildFile; fileRef = 639D47B022BD7B1600BEB9DF /* ViewController.swift */; };
		639D47B422BD7B1600BEB9DF /* Main.storyboard in Resources */ = {isa = PBXBuildFile; fileRef = 639D47B222BD7B1600BEB9DF /* Main.storyboard */; };
		639D47B722BD7B1600BEB9DF /* iOS_1.xcdatamodeld in Sources */ = {isa = PBXBuildFile; fileRef = 639D47B522BD7B1600BEB9DF /* iOS_1.xcdatamodeld */; };
		639D47B922BD7B1700BEB9DF /* Assets.xcassets in Resources */ = {isa = PBXBuildFile; fileRef = 639D47B822BD7B1700BEB9DF /* Assets.xcassets */; };
		639D47BC22BD7B1700BEB9DF /* LaunchScreen.storyboard in Resources */ = {isa = PBXBuildFile; fileRef = 639D47BA22BD7B1700BEB9DF /* LaunchScreen.storyboard */; };
		639D47C722BD7B1700BEB9DF /* iOS_1Tests.swift in Sources */ = {isa = PBXBuildFile; fileRef = 639D47C622BD7B1700BEB9DF /* iOS_1Tests.swift */; };
		639D47D222BD7B1700BEB9DF /* iOS_1UITests.swift in Sources */ = {isa = PBXBuildFile; fileRef = 639D47D122BD7B1700BEB9DF /* iOS_1UITests.swift */; };
/* End PBXBuildFile section */

/* Begin PBXContainerItemProxy section */
		639D47C322BD7B1700BEB9DF /* PBXContainerItemProxy */ = {
			isa = PBXContainerItemProxy;
			containerPortal = 639D47A322BD7B1600BEB9DF /* Project object */;
			proxyType = 1;
			remoteGlobalIDString = 639D47AA22BD7B1600BEB9DF;
			remoteInfo = "iOS 1";
		};
		639D47CE22BD7B1700BEB9DF /* PBXContainerItemProxy */ = {
			isa = PBXContainerItemProxy;
			containerPortal = 639D47A322BD7B1600BEB9DF /* Project object */;
			proxyType = 1;
			remoteGlobalIDString = 639D47AA22BD7B1600BEB9DF;
			remoteInfo = "iOS 1";
		};
/* End PBXContainerItemProxy section */

/* Begin PBXFileReference section */
		639D47AB22BD7B1600BEB9DF /* iOS 1.app */ = {isa = PBXFileReference; explicitFileType = wrapper.application; includeInIndex = 0; path = "iOS 1.app"; sourceTree = BUILT_PRODUCTS_DIR; };
		639D47AE22BD7B1600BEB9DF /* AppDelegate.swift */ = {isa = PBXFileReference; lastKnownFileType = sourcecode.swift; path = AppDelegate.swift; sourceTree = "<group>"; };
		639D47B022BD7B1600BEB9DF /* ViewController.swift */ = {isa = PBXFileReference; lastKnownFileType = sourcecode.swift; path = ViewController.swift; sourceTree = "<group>"; };
		639D47B322BD7B1600BEB9DF /* Base */ = {isa = PBXFileReference; lastKnownFileType = file.storyboard; name = Base; path = Base.lproj/Main.storyboard; sourceTree = "<group>"; };
		639D47B622BD7B1600BEB9DF /* iOS_1.xcdatamodel */ = {isa = PBXFileReference; lastKnownFileType = wrapper.xcdatamodel; path = iOS_1.xcdatamodel; sourceTree = "<group>"; };
		639D47B822BD7B1700BEB9DF /* Assets.xcassets */ = {isa = PBXFileReference; lastKnownFileType = folder.assetcatalog; path = Assets.xcassets; sourceTree = "<group>"; };
		639D47BB22BD7B1700BEB9DF /* Base */ = {isa = PBXFileReference; lastKnownFileType = file.storyboard; name = Base; path = Base.lproj/LaunchScreen.storyboard; sourceTree = "<group>"; };
		639D47BD22BD7B1700BEB9DF /* Info.plist */ = {isa = PBXFileReference; lastKnownFileType = text.plist.xml; path = Info.plist; sourceTree = "<group>"; };
		639D47C222BD7B1700BEB9DF /* iOS 1Tests.xctest */ = {isa = PBXFileReference; explicitFileType = wrapper.cfbundle; includeInIndex = 0; path = "iOS 1Tests.xctest"; sourceTree = BUILT_PRODUCTS_DIR; };
		639D47C622BD7B1700BEB9DF /* iOS_1Tests.swift */ = {isa = PBXFileReference; lastKnownFileType = sourcecode.swift; path = iOS_1Tests.swift; sourceTree = "<group>"; };
		639D47C822BD7B1700BEB9DF /* Info.plist */ = {isa = PBXFileReference; lastKnownFileType = text.plist.xml; path = Info.plist; sourceTree = "<group>"; };
		639D47CD22BD7B1700BEB9DF /* iOS 1UITests.xctest */ = {isa = PBXFileReference; explicitFileType = wrapper.cfbundle; includeInIndex = 0; path = "iOS 1UITests.xctest"; sourceTree = BUILT_PRODUCTS_DIR; };
		639D47D122BD7B1700BEB9DF /* iOS_1UITests.swift */ = {isa = PBXFileReference; lastKnownFileType = sourcecode.swift; path = iOS_1UITests.swift; sourceTree = "<group>"; };
		639D47D322BD7B1700BEB9DF /* Info.plist */ = {isa = PBXFileReference; lastKnownFileType = text.plist.xml; path = Info.plist; sourceTree = "<group>"; };
/* End PBXFileReference section */

/* Begin PBXFrameworksBuildPhase section */
		639D47A822BD7B1600BEB9DF /* Frameworks */ = {
			isa = PBXFrameworksBuildPhase;
			buildActionMask = 2147483647;
			files = (
			);
			runOnlyForDeploymentPostprocessing = 0;
		};
		639D47BF22BD7B1700BEB9DF /* Frameworks */ = {
			isa = PBXFrameworksBuildPhase;
			buildActionMask = 2147483647;
			files = (
			);
			runOnlyForDeploymentPostprocessing = 0;
		};
		639D47CA22BD7B1700BEB9DF /* Frameworks */ = {
			isa = PBXFrameworksBuildPhase;
			buildActionMask = 2147483647;
			files = (
			);
			runOnlyForDeploymentPostprocessing = 0;
		};
/* End PBXFrameworksBuildPhase section */

/* Begin PBXGroup section */
		639D47A222BD7B1600BEB9DF = {
			isa = PBXGroup;
			children = (
				639D47AD22BD7B1600BEB9DF /* iOS 1 */,
				639D47C522BD7B1700BEB9DF /* iOS 1Tests */,
				639D47D022BD7B1700BEB9DF /* iOS 1UITests */,
				639D47AC22BD7B1600BEB9DF /* Products */,
			);
			sourceTree = "<group>";
		};
		639D47AC22BD7B1600BEB9DF /* Products */ = {
			isa = PBXGroup;
			children = (
				639D47AB22BD7B1600BEB9DF /* iOS 1.app */,
				639D47C222BD7B1700BEB9DF /* iOS 1Tests.xctest */,
				639D47CD22BD7B1700BEB9DF /* iOS 1UITests.xctest */,
			);
			name = Products;
			sourceTree = "<group>";
		};
		639D47AD22BD7B1600BEB9DF /* iOS 1 */ = {
			isa = PBXGroup;
			children = (
				639D47AE22BD7B1600BEB9DF /* AppDelegate.swift */,
				639D47B022BD7B1600BEB9DF /* ViewController.swift */,
				639D47B222BD7B1600BEB9DF /* Main.storyboard */,
				639D47B822BD7B1700BEB9DF /* Assets.xcassets */,
				639D47BA22BD7B1700BEB9DF /* LaunchScreen.storyboard */,
				639D47BD22BD7B1700BEB9DF /* Info.plist */,
				639D47B522BD7B1600BEB9DF /* iOS_1.xcdatamodeld */,
			);
			path = "iOS 1";
			sourceTree = "<group>";
		};
		639D47C522BD7B1700BEB9DF /* iOS 1Tests */ = {
			isa = PBXGroup;
			children = (
				639D47C622BD7B1700BEB9DF /* iOS_1Tests.swift */,
				639D47C822BD7B1700BEB9DF /* Info.plist */,
			);
			path = "iOS 1Tests";
			sourceTree = "<group>";
		};
		639D47D022BD7B1700BEB9DF /* iOS 1UITests */ = {
			isa = PBXGroup;
			children = (
				639D47D122BD7B1700BEB9DF /* iOS_1UITests.swift */,
				639D47D322BD7B1700BEB9DF /* Info.plist */,
			);
			path = "iOS 1UITests";
			sourceTree = "<group>";
		};
/* End PBXGroup section */

/* Begin PBXNativeTarget section */
		639D47AA22BD7B1600BEB9DF /* iOS 1 */ = {
			isa = PBXNativeTarget;
			buildConfigurationList = 639D47D622BD7B1700BEB9DF /* Build configuration list for PBXNativeTarget "iOS 1" */;
			buildPhases = (
				639D47A722BD7B1600BEB9DF /* Sources */,
				639D47A822BD7B1600BEB9DF /* Frameworks */,
				639D47A922BD7B1600BEB9DF /* Resources */,
			);
			buildRules = (
			);
			dependencies = (
			);
			name = "iOS 1";
			productName = "iOS 1";
			productReference = 639D47AB22BD7B1600BEB9DF /* iOS 1.app */;
			productType = "com.apple.product-type.application";
		};
		639D47C122BD7B1700BEB9DF /* iOS 1Tests */ = {
			isa = PBXNativeTarget;
			buildConfigurationList = 639D47D922BD7B1700BEB9DF /* Build configuration list for PBXNativeTarget "iOS 1Tests" */;
			buildPhases = (
				639D47BE22BD7B1700BEB9DF /* Sources */,
				639D47BF22BD7B1700BEB9DF /* Frameworks */,
				639D47C022BD7B1700BEB9DF /* Resources */,
			);
			buildRules = (
			);
			dependencies = (
				639D47C422BD7B1700BEB9DF /* PBXTargetDependency */,
			);
			name = "iOS 1Tests";
			productName = "iOS 1Tests";
			productReference = 639D47C222BD7B1700BEB9DF /* iOS 1Tests.xctest */;
			productType = "com.apple.product-type.bundle.unit-test";
		};
		639D47CC22BD7B1700BEB9DF /* iOS 1UITests */ = {
			isa = PBXNativeTarget;
			buildConfigurationList = 639D47DC22BD7B1700BEB9DF /* Build configuration list for PBXNativeTarget "iOS 1UITests" */;
			buildPhases = (
				639D47C922BD7B1700BEB9DF /* Sources */,
				639D47CA22BD7B1700BEB9DF /* Frameworks */,
				639D47CB22BD7B1700BEB9DF /* Resources */,
			);
			buildRules = (
			);
			dependencies = (
				639D47CF22BD7B1700BEB9DF /* PBXTargetDependency */,
			);
			name = "iOS 1UITests";
			productName = "iOS 1UITests";
			productReference = 639D47CD22BD7B1700BEB9DF /* iOS 1UITests.xctest */;
			productType = "com.apple.product-type.bundle.ui-testing";
		};
/* End PBXNativeTarget section */

/* Begin PBXProject section */
		639D47A322BD7B1600BEB9DF /* Project object */ = {
			isa = PBXProject;
			attributes = {
				LastSwiftUpdateCheck = 1020;
				LastUpgradeCheck = 1020;
				ORGANIZATIONNAME = "Diogo Assis Ferreira";
				TargetAttributes = {
					639D47AA22BD7B1600BEB9DF = {
						CreatedOnToolsVersion = 10.2.1;
					};
					639D47C122BD7B1700BEB9DF = {
						CreatedOnToolsVersion = 10.2.1;
						TestTargetID = 639D47AA22BD7B1600BEB9DF;
					};
					639D47CC22BD7B1700BEB9DF = {
						CreatedOnToolsVersion = 10.2.1;
						TestTargetID = 639D47AA22BD7B1600BEB9DF;
					};
				};
			};
			buildConfigurationList = 639D47A622BD7B1600BEB9DF /* Build configuration list for PBXProject "iOS 1" */;
			compatibilityVersion = "Xcode 9.3";
			developmentRegion = en;
			hasScannedForEncodings = 0;
			knownRegions = (
				en,
				Base,
			);
			mainGroup = 639D47A222BD7B1600BEB9DF;
			productRefGroup = 639D47AC22BD7B1600BEB9DF /* Products */;
			projectDirPath = "";
			projectRoot = "";
			targets = (
				639D47AA22BD7B1600BEB9DF /* iOS 1 */,
				639D47C122BD7B1700BEB9DF /* iOS 1Tests */,
				639D47CC22BD7B1700BEB9DF /* iOS 1UITests */,
			);
		};
/* End PBXProject section */

/* Begin PBXResourcesBuildPhase section */
		639D47A922BD7B1600BEB9DF /* Resources */ = {
			isa = PBXResourcesBuildPhase;
			buildActionMask = 2147483647;
			files = (
				639D47BC22BD7B1700BEB9DF /* LaunchScreen.storyboard in Resources */,
				639D47B922BD7B1700BEB9DF /* Assets.xcassets in Resources */,
				639D47B422BD7B1600BEB9DF /* Main.storyboard in Resources */,
			);
			runOnlyForDeploymentPostprocessing = 0;
		};
		639D47C022BD7B1700BEB9DF /* Resources */ = {
			isa = PBXResourcesBuildPhase;
			buildActionMask = 2147483647;
			files = (
			);
			runOnlyForDeploymentPostprocessing = 0;
		};
		639D47CB22BD7B1700BEB9DF /* Resources */ = {
			isa = PBXResourcesBuildPhase;
			buildActionMask = 2147483647;
			files = (
			);
			runOnlyForDeploymentPostprocessing = 0;
		};
/* End PBXResourcesBuildPhase section */

/* Begin PBXSourcesBuildPhase section */
		639D47A722BD7B1600BEB9DF /* Sources */ = {
			isa = PBXSourcesBuildPhase;
			buildActionMask = 2147483647;
			files = (
				639D47B122BD7B1600BEB9DF /* ViewController.swift in Sources */,
				639D47AF22BD7B1600BEB9DF /* AppDelegate.swift in Sources */,
				639D47B722BD7B1600BEB9DF /* iOS_1.xcdatamodeld in Sources */,
			);
			runOnlyForDeploymentPostprocessing = 0;
		};
		639D47BE22BD7B1700BEB9DF /* Sources */ = {
			isa = PBXSourcesBuildPhase;
			buildActionMask = 2147483647;
			files = (
				639D47C722BD7B1700BEB9DF /* iOS_1Tests.swift in Sources */,
			);
			runOnlyForDeploymentPostprocessing = 0;
		};
		639D47C922BD7B1700BEB9DF /* Sources */ = {
			isa = PBXSourcesBuildPhase;
			buildActionMask = 2147483647;
			files = (
				639D47D222BD7B1700BEB9DF /* iOS_1UITests.swift in Sources */,
			);
			runOnlyForDeploymentPostprocessing = 0;
		};
/* End PBXSourcesBuildPhase section */

/* Begin PBXTargetDependency section */
		639D47C422BD7B1700BEB9DF /* PBXTargetDependency */ = {
			isa = PBXTargetDependency;
			target = 639D47AA22BD7B1600BEB9DF /* iOS 1 */;
			targetProxy = 639D47C322BD7B1700BEB9DF /* PBXContainerItemProxy */;
		};
		639D47CF22BD7B1700BEB9DF /* PBXTargetDependency */ = {
			isa = PBXTargetDependency;
			target = 639D47AA22BD7B1600BEB9DF /* iOS 1 */;
			targetProxy = 639D47CE22BD7B1700BEB9DF /* PBXContainerItemProxy */;
		};
/* End PBXTargetDependency section */

/* Begin PBXVariantGroup section */
		639D47B222BD7B1600BEB9DF /* Main.storyboard */ = {
			isa = PBXVariantGroup;
			children = (
				639D47B322BD7B1600BEB9DF /* Base */,
			);
			name = Main.storyboard;
			sourceTree = "<group>";
		};
		639D47BA22BD7B1700BEB9DF /* LaunchScreen.storyboard */ = {
			isa = PBXVariantGroup;
			children = (
				639D47BB22BD7B1700BEB9DF /* Base */,
			);
			name = LaunchScreen.storyboard;
			sourceTree = "<group>";
		};
/* End PBXVariantGroup section */

/* Begin XCBuildConfiguration section */
		639D47D422BD7B1700BEB9DF /* Debug */ = {
			isa = XCBuildConfiguration;
			buildSettings = {
				ALWAYS_SEARCH_USER_PATHS = NO;
				CLANG_ANALYZER_NONNULL = YES;
				CLANG_ANALYZER_NUMBER_OBJECT_CONVERSION = YES_AGGRESSIVE;
				CLANG_CXX_LANGUAGE_STANDARD = "gnu++14";
				CLANG_CXX_LIBRARY = "libc++";
				CLANG_ENABLE_MODULES = YES;
				CLANG_ENABLE_OBJC_ARC = YES;
				CLANG_ENABLE_OBJC_WEAK = YES;
				CLANG_WARN_BLOCK_CAPTURE_AUTORELEASING = YES;
				CLANG_WARN_BOOL_CONVERSION = YES;
				CLANG_WARN_COMMA = YES;
				CLANG_WARN_CONSTANT_CONVERSION = YES;
				CLANG_WARN_DEPRECATED_OBJC_IMPLEMENTATIONS = YES;
				CLANG_WARN_DIRECT_OBJC_ISA_USAGE = YES_ERROR;
				CLANG_WARN_DOCUMENTATION_COMMENTS = YES;
				CLANG_WARN_EMPTY_BODY = YES;
				CLANG_WARN_ENUM_CONVERSION = YES;
				CLANG_WARN_INFINITE_RECURSION = YES;
				CLANG_WARN_INT_CONVERSION = YES;
				CLANG_WARN_NON_LITERAL_NULL_CONVERSION = YES;
				CLANG_WARN_OBJC_IMPLICIT_RETAIN_SELF = YES;
				CLANG_WARN_OBJC_LITERAL_CONVERSION = YES;
				CLANG_WARN_OBJC_ROOT_CLASS = YES_ERROR;
				CLANG_WARN_RANGE_LOOP_ANALYSIS = YES;
				CLANG_WARN_STRICT_PROTOTYPES = YES;
				CLANG_WARN_SUSPICIOUS_MOVE = YES;
				CLANG_WARN_UNGUARDED_AVAILABILITY = YES_AGGRESSIVE;
				CLANG_WARN_UNREACHABLE_CODE = YES;
				CLANG_WARN__DUPLICATE_METHOD_MATCH = YES;
				CODE_SIGN_IDENTITY = "iPhone Developer";
				COPY_PHASE_STRIP = NO;
				DEBUG_INFORMATION_FORMAT = dwarf;
				ENABLE_STRICT_OBJC_MSGSEND = YES;
				ENABLE_TESTABILITY = YES;
				GCC_C_LANGUAGE_STANDARD = gnu11;
				GCC_DYNAMIC_NO_PIC = NO;
				GCC_NO_COMMON_BLOCKS = YES;
				GCC_OPTIMIZATION_LEVEL = 0;
				GCC_PREPROCESSOR_DEFINITIONS = (
					"DEBUG=1",
					"$(inherited)",
				);
				GCC_WARN_64_TO_32_BIT_CONVERSION = YES;
				GCC_WARN_ABOUT_RETURN_TYPE = YES_ERROR;
				GCC_WARN_UNDECLARED_SELECTOR = YES;
				GCC_WARN_UNINITIALIZED_AUTOS = YES_AGGRESSIVE;
				GCC_WARN_UNUSED_FUNCTION = YES;
				GCC_WARN_UNUSED_VARIABLE = YES;
				IPHONEOS_DEPLOYMENT_TARGET = 12.2;
				MTL_ENABLE_DEBUG_INFO = INCLUDE_SOURCE;
				MTL_FAST_MATH = YES;
				ONLY_ACTIVE_ARCH = YES;
				SDKROOT = iphoneos;
				SWIFT_ACTIVE_COMPILATION_CONDITIONS = DEBUG;
				SWIFT_OPTIMIZATION_LEVEL = "-Onone";
			};
			name = Debug;
		};
		639D47D522BD7B1700BEB9DF /* Release */ = {
			isa = XCBuildConfiguration;
			buildSettings = {
				ALWAYS_SEARCH_USER_PATHS = NO;
				CLANG_ANALYZER_NONNULL = YES;
				CLANG_ANALYZER_NUMBER_OBJECT_CONVERSION = YES_AGGRESSIVE;
				CLANG_CXX_LANGUAGE_STANDARD = "gnu++14";
				CLANG_CXX_LIBRARY = "libc++";
				CLANG_ENABLE_MODULES = YES;
				CLANG_ENABLE_OBJC_ARC = YES;
				CLANG_ENABLE_OBJC_WEAK = YES;
				CLANG_WARN_BLOCK_CAPTURE_AUTORELEASING = YES;
				CLANG_WARN_BOOL_CONVERSION = YES;
				CLANG_WARN_COMMA = YES;
				CLANG_WARN_CONSTANT_CONVERSION = YES;
				CLANG_WARN_DEPRECATED_OBJC_IMPLEMENTATIONS = YES;
				CLANG_WARN_DIRECT_OBJC_ISA_USAGE = YES_ERROR;
				CLANG_WARN_DOCUMENTATION_COMMENTS = YES;
				CLANG_WARN_EMPTY_BODY = YES;
				CLANG_WARN_ENUM_CONVERSION = YES;
				CLANG_WARN_INFINITE_RECURSION = YES;
				CLANG_WARN_INT_CONVERSION = YES;
				CLANG_WARN_NON_LITERAL_NULL_CONVERSION = YES;
				CLANG_WARN_OBJC_IMPLICIT_RETAIN_SELF = YES;
				CLANG_WARN_OBJC_LITERAL_CONVERSION = YES;
				CLANG_WARN_OBJC_ROOT_CLASS = YES_ERROR;
				CLANG_WARN_RANGE_LOOP_ANALYSIS = YES;
				CLANG_WARN_STRICT_PROTOTYPES = YES;
				CLANG_WARN_SUSPICIOUS_MOVE = YES;
				CLANG_WARN_UNGUARDED_AVAILABILITY = YES_AGGRESSIVE;
				CLANG_WARN_UNREACHABLE_CODE = YES;
				CLANG_WARN__DUPLICATE_METHOD_MATCH = YES;
				CODE_SIGN_IDENTITY = "iPhone Developer";
				COPY_PHASE_STRIP = NO;
				DEBUG_INFORMATION_FORMAT = "dwarf-with-dsym";
				ENABLE_NS_ASSERTIONS = NO;
				ENABLE_STRICT_OBJC_MSGSEND = YES;
				GCC_C_LANGUAGE_STANDARD = gnu11;
				GCC_NO_COMMON_BLOCKS = YES;
				GCC_WARN_64_TO_32_BIT_CONVERSION = YES;
				GCC_WARN_ABOUT_RETURN_TYPE = YES_ERROR;
				GCC_WARN_UNDECLARED_SELECTOR = YES;
				GCC_WARN_UNINITIALIZED_AUTOS = YES_AGGRESSIVE;
				GCC_WARN_UNUSED_FUNCTION = YES;
				GCC_WARN_UNUSED_VARIABLE = YES;
				IPHONEOS_DEPLOYMENT_TARGET = 12.2;
				MTL_ENABLE_DEBUG_INFO = NO;
				MTL_FAST_MATH = YES;
				SDKROOT = iphoneos;
				SWIFT_COMPILATION_MODE = wholemodule;
				SWIFT_OPTIMIZATION_LEVEL = "-O";
				VALIDATE_PRODUCT = YES;
			};
			name = Release;
		};
		639D47D722BD7B1700BEB9DF /* Debug */ = {
			isa = XCBuildConfiguration;
			buildSettings = {
				ASSETCATALOG_COMPILER_APPICON_NAME = AppIcon;
				CODE_SIGN_STYLE = Automatic;
				INFOPLIST_FILE = "iOS 1/Info.plist";
				LD_RUNPATH_SEARCH_PATHS = (
					"$(inherited)",
					"@executable_path/Frameworks",
				);
				PRODUCT_BUNDLE_IDENTIFIER = "ferreira.assis.diogo.iOS-1";
				PRODUCT_NAME = "$(TARGET_NAME)";
				SWIFT_VERSION = 5.0;
				TARGETED_DEVICE_FAMILY = "1,2";
			};
			name = Debug;
		};
		639D47D822BD7B1700BEB9DF /* Release */ = {
			isa = XCBuildConfiguration;
			buildSettings = {
				ASSETCATALOG_COMPILER_APPICON_NAME = AppIcon;
				CODE_SIGN_STYLE = Automatic;
				INFOPLIST_FILE = "iOS 1/Info.plist";
				LD_RUNPATH_SEARCH_PATHS = (
					"$(inherited)",
					"@executable_path/Frameworks",
				);
				PRODUCT_BUNDLE_IDENTIFIER = "ferreira.assis.diogo.iOS-1";
				PRODUCT_NAME = "$(TARGET_NAME)";
				SWIFT_VERSION = 5.0;
				TARGETED_DEVICE_FAMILY = "1,2";
			};
			name = Release;
		};
		639D47DA22BD7B1700BEB9DF /* Debug */ = {
			isa = XCBuildConfiguration;
			buildSettings = {
				ALWAYS_EMBED_SWIFT_STANDARD_LIBRARIES = YES;
				BUNDLE_LOADER = "$(TEST_HOST)";
				CODE_SIGN_STYLE = Automatic;
				INFOPLIST_FILE = "iOS 1Tests/Info.plist";
				LD_RUNPATH_SEARCH_PATHS = (
					"$(inherited)",
					"@executable_path/Frameworks",
					"@loader_path/Frameworks",
				);
				PRODUCT_BUNDLE_IDENTIFIER = "ferreira.assis.diogo.iOS-1Tests";
				PRODUCT_NAME = "$(TARGET_NAME)";
				SWIFT_VERSION = 5.0;
				TARGETED_DEVICE_FAMILY = "1,2";
				TEST_HOST = "$(BUILT_PRODUCTS_DIR)/iOS 1.app/iOS 1";
			};
			name = Debug;
		};
		639D47DB22BD7B1700BEB9DF /* Release */ = {
			isa = XCBuildConfiguration;
			buildSettings = {
				ALWAYS_EMBED_SWIFT_STANDARD_LIBRARIES = YES;
				BUNDLE_LOADER = "$(TEST_HOST)";
				CODE_SIGN_STYLE = Automatic;
				INFOPLIST_FILE = "iOS 1Tests/Info.plist";
				LD_RUNPATH_SEARCH_PATHS = (
					"$(inherited)",
					"@executable_path/Frameworks",
					"@loader_path/Frameworks",
				);
				PRODUCT_BUNDLE_IDENTIFIER = "ferreira.assis.diogo.iOS-1Tests";
				PRODUCT_NAME = "$(TARGET_NAME)";
				SWIFT_VERSION = 5.0;
				TARGETED_DEVICE_FAMILY = "1,2";
				TEST_HOST = "$(BUILT_PRODUCTS_DIR)/iOS 1.app/iOS 1";
			};
			name = Release;
		};
		639D47DD22BD7B1700BEB9DF /* Debug */ = {
			isa = XCBuildConfiguration;
			buildSettings = {
				ALWAYS_EMBED_SWIFT_STANDARD_LIBRARIES = YES;
				CODE_SIGN_STYLE = Automatic;
				INFOPLIST_FILE = "iOS 1UITests/Info.plist";
				LD_RUNPATH_SEARCH_PATHS = (
					"$(inherited)",
					"@executable_path/Frameworks",
					"@loader_path/Frameworks",
				);
				PRODUCT_BUNDLE_IDENTIFIER = "ferreira.assis.diogo.iOS-1UITests";
				PRODUCT_NAME = "$(TARGET_NAME)";
				SWIFT_VERSION = 5.0;
				TARGETED_DEVICE_FAMILY = "1,2";
				TEST_TARGET_NAME = "iOS 1";
			};
			name = Debug;
		};
		639D47DE22BD7B1700BEB9DF /* Release */ = {
			isa = XCBuildConfiguration;
			buildSettings = {
				ALWAYS_EMBED_SWIFT_STANDARD_LIBRARIES = YES;
				CODE_SIGN_STYLE = Automatic;
				INFOPLIST_FILE = "iOS 1UITests/Info.plist";
				LD_RUNPATH_SEARCH_PATHS = (
					"$(inherited)",
					"@executable_path/Frameworks",
					"@loader_path/Frameworks",
				);
				PRODUCT_BUNDLE_IDENTIFIER = "ferreira.assis.diogo.iOS-1UITests";
				PRODUCT_NAME = "$(TARGET_NAME)";
				SWIFT_VERSION = 5.0;
				TARGETED_DEVICE_FAMILY = "1,2";
				TEST_TARGET_NAME = "iOS 1";
			};
			name = Release;
		};
/* End XCBuildConfiguration section */

/* Begin XCConfigurationList section */
		639D47A622BD7B1600BEB9DF /* Build configuration list for PBXProject "iOS 1" */ = {
			isa = XCConfigurationList;
			buildConfigurations = (
				639D47D422BD7B1700BEB9DF /* Debug */,
				639D47D522BD7B1700BEB9DF /* Release */,
			);
			defaultConfigurationIsVisible = 0;
			defaultConfigurationName = Release;
		};
		639D47D622BD7B1700BEB9DF /* Build configuration list for PBXNativeTarget "iOS 1" */ = {
			isa = XCConfigurationList;
			buildConfigurations = (
				639D47D722BD7B1700BEB9DF /* Debug */,
				639D47D822BD7B1700BEB9DF /* Release */,
			);
			defaultConfigurationIsVisible = 0;
			defaultConfigurationName = Release;
		};
		639D47D922BD7B1700BEB9DF /* Build configuration list for PBXNativeTarget "iOS 1Tests" */ = {
			isa = XCConfigurationList;
			buildConfigurations = (
				639D47DA22BD7B1700BEB9DF /* Debug */,
				639D47DB22BD7B1700BEB9DF /* Release */,
			);
			defaultConfigurationIsVisible = 0;
			defaultConfigurationName = Release;
		};
		639D47DC22BD7B1700BEB9DF /* Build configuration list for PBXNativeTarget "iOS 1UITests" */ = {
			isa = XCConfigurationList;
			buildConfigurations = (
				639D47DD22BD7B1700BEB9DF /* Debug */,
				639D47DE22BD7B1700BEB9DF /* Release */,
			);
			defaultConfigurationIsVisible = 0;
			defaultConfigurationName = Release;
		};
/* End XCConfigurationList section */

/* Begin XCVersionGroup section */
		639D47B522BD7B1600BEB9DF /* iOS_1.xcdatamodeld */ = {
			isa = XCVersionGroup;
			children = (
				639D47B622BD7B1600BEB9DF /* iOS_1.xcdatamodel */,
			);
			currentVersion = 639D47B622BD7B1600BEB9DF /* iOS_1.xcdatamodel */;
			path = iOS_1.xcdatamodeld;
			sourceTree = "<group>";
			versionGroupType = wrapper.xcdatamodel;
		};
/* End XCVersionGroup section */
	};
	rootObject = 639D47A322BD7B1600BEB9DF /* Project object */;
}
